Microsoft Visual Studio Solution File, Format Version 11.00
# Visual Studio 2008

Project("{6C347B7C-3ABE-FDB4-8F54-F4C6F408F4CF}") = "GlowTest", "Assembly-CSharp-firstpass-vs.csproj", "{69F7E357-257D-9536-2AB1-08DC14FB9E81}"
EndProject
Project("{6C347B7C-3ABE-FDB4-8F54-F4C6F408F4CF}") = "GlowTest", "Assembly-CSharp-vs.csproj", "{8A4778D4-1A01-B6AF-386A-DF6EE1C94196}"
EndProject
Global
	GlobalSection(SolutionConfigurationPlatforms) = preSolution
		Debug|Any CPU = Debug|Any CPU
		Release|Any CPU = Release|Any CPU
	EndGlobalSection
	GlobalSection(ProjectConfigurationPlatforms) = postSolution
		{69F7E357-257D-9536-2AB1-08DC14FB9E81}.Debug|Any CPU.ActiveCfg = Debug|Any CPU
		{69F7E357-257D-9536-2AB1-08DC14FB9E81}.Debug|Any CPU.Build.0 = Debug|Any CPU
		{69F7E357-257D-9536-2AB1-08DC14FB9E81}.Release|Any CPU.ActiveCfg = Release|Any CPU
		{69F7E357-257D-9536-2AB1-08DC14FB9E81}.Release|Any CPU.Build.0 = Release|Any CPU
		{8A4778D4-1A01-B6AF-386A-DF6EE1C94196}.Debug|Any CPU.ActiveCfg = Debug|Any CPU
		{8A4778D4-1A01-B6AF-386A-DF6EE1C94196}.Debug|Any CPU.Build.0 = Debug|Any CPU
		{8A4778D4-1A01-B6AF-386A-DF6EE1C94196}.Release|Any CPU.ActiveCfg = Release|Any CPU
		{8A4778D4-1A01-B6AF-386A-DF6EE1C94196}.Release|Any CPU.Build.0 = Release|Any CPU
	EndGlobalSection
	GlobalSection(SolutionProperties) = preSolution
		HideSolutionNode = FALSE
	EndGlobalSection
																GlobalSection(MonoDevelopProperties) = preSolution
		StartupItem = Assembly-CSharp.csproj
		Policies = $0
		$0.TextStylePolicy = $1
		$1.inheritsSet = null
		$1.scope = text/x-csharp
		$0.CSharpFormattingPolicy = $2
		$2.inheritsSet = Mono
		$2.inheritsScope = text/x-csharp
		$2.scope = text/x-csharp
		$0.TextStylePolicy = $3
		$3.FileWidth = 120
		$3.TabWidth = 4
		$3.EolMarker = Unix
		$3.inheritsSet = Mono
		$3.inheritsScope = text/plain
		$3.scope = text/plain
	EndGlobalSection

EndGlobal
